{
  "version": 4,
  "terraform_version": "1.6.4",
  "serial": 40,
  "lineage": "36b636b7-4d13-1507-b077-b3331b79a4dc",
  "outputs": {
    "my_pet": {
      "value": "random_pet.petname.id",
      "type": "string"
    }
  },
  "resources": [
    {
      "mode": "managed",
      "type": "local_file",
      "name": "my_pet",
      "provider": "provider[\"registry.terraform.io/hashicorp/local\"]",
      "instances": [
        {
          "schema_version": 0,
          "attributes": {
            "content": "Lion is a wild animal I named him as MR.sunbeam",
            "content_base64": null,
            "content_base64sha256": "gjZBVtVyBY0dd0W/nheQgGNco4wayIW0vmP1F47y8LM=",
            "content_base64sha512": "EF3ZRCBxGykTnZITItGzxMeKIIm5J3M1BXK4Mzni/OwlkRGh/sPxu3REvdUKc1AEu6+8dX+ckaGhwYyvRlNkcQ==",
            "content_md5": "4ba04c760825d2ade21d13ed14c03a3c",
            "content_sha1": "9eada9fbc5b1de3c5fdc3290c9226cfefde8aef6",
            "content_sha256": "82364156d572058d1d7745bf9e179080635ca38c1ac885b4be63f5178ef2f0b3",
            "content_sha512": "105dd94420711b29139d921322d1b3c4c78a2089b92773350572b83339e2fcec259111a1fec3f1bb7444bdd50a735004bbafbc757f9c91a1a1c18caf46536471",
            "directory_permission": "0777",
            "file_permission": "0777",
            "filename": "wild.txt",
            "id": "9eada9fbc5b1de3c5fdc3290c9226cfefde8aef6",
            "sensitive_content": null,
            "source": null
          },
          "sensitive_attributes": [],
          "dependencies": [
            "random_pet.petname"
          ]
        }
      ]
    },
    {
      "mode": "managed",
      "type": "random_pet",
      "name": "petname",
      "provider": "provider[\"registry.terraform.io/hashicorp/random\"]",
      "instances": [
        {
          "schema_version": 0,
          "attributes": {
            "id": "MR.sunbeam",
            "keepers": null,
            "length": 1,
            "prefix": "MR",
            "separator": "."
          },
          "sensitive_attributes": []
        }
      ]
    }
  ],
  "check_results": null
}
