{
  "version": 4,
  "terraform_version": "1.6.4",
  "serial": 16,
  "lineage": "36b636b7-4d13-1507-b077-b3331b79a4dc",
  "outputs": {},
  "resources": [
    {
      "mode": "managed",
      "type": "local_file",
      "name": "my_pet",
      "provider": "provider[\"registry.terraform.io/hashicorp/local\"]",
      "instances": [
        {
          "schema_version": 0,
          "attributes": {
            "content": "rogger is my favourite pet",
            "content_base64": null,
            "content_base64sha256": "5YXdf6VZPPDK0mO0QVVkAE/HsbS6BiwFHGPNeLnsetE=",
            "content_base64sha512": "TR3K9evIODfBMSGzqCMFJvErWJDFWreNqXnVEVu9OuGOzIc/LKTKgl4gj9dkXJxCubCY+8FSQpFX5KHUhUL2fQ==",
            "content_md5": "45b3b4f058e296fef6cd38fe1bcfc950",
            "content_sha1": "e54cddf14a27db53fa32f0ae16d9f0c7f0fda6c6",
            "content_sha256": "e585dd7fa5593cf0cad263b4415564004fc7b1b4ba062c051c63cd78b9ec7ad1",
            "content_sha512": "4d1dcaf5ebc83837c13121b3a8230526f12b5890c55ab78da979d5115bbd3ae18ecc873f2ca4ca825e208fd7645c9c42b9b098fbc152429157e4a1d48542f67d",
            "directory_permission": "0777",
            "file_permission": "0777",
            "filename": "pet.txt",
            "id": "e54cddf14a27db53fa32f0ae16d9f0c7f0fda6c6",
            "sensitive_content": null,
            "source": null
          },
          "sensitive_attributes": []
        }
      ]
    },
    {
      "mode": "managed",
      "type": "random_pet",
      "name": "petname",
      "provider": "provider[\"registry.terraform.io/hashicorp/random\"]",
      "instances": [
        {
          "schema_version": 0,
          "attributes": {
            "id": "MR.sunbeam",
            "keepers": null,
            "length": 1,
            "prefix": "MR",
            "separator": "."
          },
          "sensitive_attributes": []
        }
      ]
    }
  ],
  "check_results": null
}
